
Microsoft Visual Studio Solution File, Format Version 12.00
# Visual Studio Version 16
VisualStudioVersion = 16.0.30413.136
MinimumVisualStudioVersion = 10.0.40219.1
Project("{FAE04EC0-301F-11D3-BF4B-00C04F79EFBC}") = "CostPlaningXamarin.Android", "CostPlaningXamarin\CostPlaningXamarin.Android\CostPlaningXamarin.Android.csproj", "{B99F7921-1A73-4FB8-8626-523956D00942}"
EndProject
Project("{9A19103F-16F7-4668-BE54-9A1E7A4F7556}") = "CostPlaningXamarin", "CostPlaningXamarin\CostPlaningXamarin\CostPlaningXamarin.csproj", "{F1B4EEA5-CE6F-4065-9D70-3F09EC90DDD7}"
EndProject
Global
	GlobalSection(SolutionConfigurationPlatforms) = preSolution
		Debug|Any CPU = Debug|Any CPU
		Release|Any CPU = Release|Any CPU
	EndGlobalSection
	GlobalSection(ProjectConfigurationPlatforms) = postSolution
		{B99F7921-1A73-4FB8-8626-523956D00942}.Debug|Any CPU.ActiveCfg = Debug|Any CPU
		{B99F7921-1A73-4FB8-8626-523956D00942}.Debug|Any CPU.Build.0 = Debug|Any CPU
		{B99F7921-1A73-4FB8-8626-523956D00942}.Debug|Any CPU.Deploy.0 = Debug|Any CPU
		{B99F7921-1A73-4FB8-8626-523956D00942}.Release|Any CPU.ActiveCfg = Release|Any CPU
		{B99F7921-1A73-4FB8-8626-523956D00942}.Release|Any CPU.Build.0 = Release|Any CPU
		{B99F7921-1A73-4FB8-8626-523956D00942}.Release|Any CPU.Deploy.0 = Release|Any CPU
		{F1B4EEA5-CE6F-4065-9D70-3F09EC90DDD7}.Debug|Any CPU.ActiveCfg = Debug|Any CPU
		{F1B4EEA5-CE6F-4065-9D70-3F09EC90DDD7}.Debug|Any CPU.Build.0 = Debug|Any CPU
		{F1B4EEA5-CE6F-4065-9D70-3F09EC90DDD7}.Debug|Any CPU.Deploy.0 = Debug|Any CPU
		{F1B4EEA5-CE6F-4065-9D70-3F09EC90DDD7}.Release|Any CPU.ActiveCfg = Release|Any CPU
		{F1B4EEA5-CE6F-4065-9D70-3F09EC90DDD7}.Release|Any CPU.Build.0 = Release|Any CPU
		{F1B4EEA5-CE6F-4065-9D70-3F09EC90DDD7}.Release|Any CPU.Deploy.0 = Release|Any CPU
	EndGlobalSection
	GlobalSection(SolutionProperties) = preSolution
		HideSolutionNode = FALSE
	EndGlobalSection
	GlobalSection(ExtensibilityGlobals) = postSolution
		SolutionGuid = {3E49E9E8-54D6-48A6-95F2-9D35DAFC2593}
	EndGlobalSection
EndGlobal
